{
    "name": "make-fake",
    "version": "1.0.0",
    "lockfileVersion": 2,
    "requires": true,
    "packages": {
        "": {
            "name": "make-fake",
            "version": "1.0.0",
            "license": "ISC",
            "dependencies": {
                "@faker-js/faker": "^7.6.0",
                "csv-string": "^4.1.1",
                "lodash": "^4.17.21"
            }
        },
        "node_modules/@faker-js/faker": {
            "version": "7.6.0",
            "resolved": "https://registry.npmjs.org/@faker-js/faker/-/faker-7.6.0.tgz",
            "integrity": "sha512-XK6BTq1NDMo9Xqw/YkYyGjSsg44fbNwYRx7QK2CuoQgyy+f1rrTDHoExVM5PsyXCtfl2vs2vVJ0MN0yN6LppRw==",
            "engines": {
                "node": ">=14.0.0",
                "npm": ">=6.0.0"
            }
        },
        "node_modules/csv-string": {
            "version": "4.1.1",
            "resolved": "https://registry.npmjs.org/csv-string/-/csv-string-4.1.1.tgz",
            "integrity": "sha512-KGvaJEZEdh2O/EVvczwbPLqJZtSQaWQ4cEJbiOJEG4ALq+dBBqNmBkRXTF4NV79V25+XYtiqbco1IWrmHLm5FQ==",
            "engines": {
                "node": ">=12.0"
            }
        },
        "node_modules/lodash": {
            "version": "4.17.21",
            "resolved": "https://registry.npmjs.org/lodash/-/lodash-4.17.21.tgz",
            "integrity": "sha512-v2kDEe57lecTulaDIuNTPy3Ry4gLGJ6Z1O3vE1krgXZNrsQ+LFTGHVxVjcXPs17LhbZVGedAJv8XZ1tvj5FvSg=="
        }
    },
    "dependencies": {
        "@faker-js/faker": {
            "version": "7.6.0",
            "resolved": "https://registry.npmjs.org/@faker-js/faker/-/faker-7.6.0.tgz",
            "integrity": "sha512-XK6BTq1NDMo9Xqw/YkYyGjSsg44fbNwYRx7QK2CuoQgyy+f1rrTDHoExVM5PsyXCtfl2vs2vVJ0MN0yN6LppRw=="
        },
        "csv-string": {
            "version": "4.1.1",
            "resolved": "https://registry.npmjs.org/csv-string/-/csv-string-4.1.1.tgz",
            "integrity": "sha512-KGvaJEZEdh2O/EVvczwbPLqJZtSQaWQ4cEJbiOJEG4ALq+dBBqNmBkRXTF4NV79V25+XYtiqbco1IWrmHLm5FQ=="
        },
        "lodash": {
            "version": "4.17.21",
            "resolved": "https://registry.npmjs.org/lodash/-/lodash-4.17.21.tgz",
            "integrity": "sha512-v2kDEe57lecTulaDIuNTPy3Ry4gLGJ6Z1O3vE1krgXZNrsQ+LFTGHVxVjcXPs17LhbZVGedAJv8XZ1tvj5FvSg=="
        }
    }
}
